
Microsoft Visual Studio Solution File, Format Version 12.00
# Visual Studio 15
VisualStudioVersion = 15.0.28307.168
MinimumVisualStudioVersion = 10.0.40219.1
Project("{FAE04EC0-301F-11D3-BF4B-00C04F79EFBC}") = "N7", "N7.csproj", "{EEC93638-47D7-4354-B40A-01EA04D5086C}"
EndProject
Global
	GlobalSection(SolutionConfigurationPlatforms) = preSolution
		Debug|Any CPU = Debug|Any CPU
		Release|Any CPU = Release|Any CPU
	EndGlobalSection
	GlobalSection(ProjectConfigurationPlatforms) = postSolution
		{EEC93638-47D7-4354-B40A-01EA04D5086C}.Debug|Any CPU.ActiveCfg = Debug|Any CPU
		{EEC93638-47D7-4354-B40A-01EA04D5086C}.Debug|Any CPU.Build.0 = Debug|Any CPU
		{EEC93638-47D7-4354-B40A-01EA04D5086C}.Release|Any CPU.ActiveCfg = Release|Any CPU
		{EEC93638-47D7-4354-B40A-01EA04D5086C}.Release|Any CPU.Build.0 = Release|Any CPU
	EndGlobalSection
	GlobalSection(SolutionProperties) = preSolution
		HideSolutionNode = FALSE
	EndGlobalSection
	GlobalSection(ExtensibilityGlobals) = postSolution
		SolutionGuid = {E27A5F0F-30B2-435B-A732-EAC72565039D}
	EndGlobalSection
EndGlobal
